// !$*UTF8*$!
{
	archiveVersion = 1;
	classes = {
	};
	objectVersion = 60;
	objects = {

/* Begin PBXBuildFile section */
		144D5D822B291B4B009F2B3A /* gramophone.usdz in Resources */ = {isa = PBXBuildFile; fileRef = 144D5D7F2B291B4A009F2B3A /* gramophone.usdz */; };
		144D5D832B291B4B009F2B3A /* chair_swan.usdz in Resources */ = {isa = PBXBuildFile; fileRef = 144D5D802B291B4B009F2B3A /* chair_swan.usdz */; };
		144D5D842B291B4B009F2B3A /* wateringcan.usdz in Resources */ = {isa = PBXBuildFile; fileRef = 144D5D812B291B4B009F2B3A /* wateringcan.usdz */; };
		144D5D882B291FC1009F2B3A /* LocalAssetRealityView.swift in Sources */ = {isa = PBXBuildFile; fileRef = 144D5D872B291FC1009F2B3A /* LocalAssetRealityView.swift */; };
		14726BC12B23FAEA009084DC /* VisionOSTutorialApp.swift in Sources */ = {isa = PBXBuildFile; fileRef = 14726BC02B23FAEA009084DC /* VisionOSTutorialApp.swift */; };
		14726BC32B23FAEA009084DC /* ContentView.swift in Sources */ = {isa = PBXBuildFile; fileRef = 14726BC22B23FAEA009084DC /* ContentView.swift */; };
		14726BC52B23FAEA009084DC /* ImmersiveView.swift in Sources */ = {isa = PBXBuildFile; fileRef = 14726BC42B23FAEA009084DC /* ImmersiveView.swift */; };
		14726BC72B23FAEC009084DC /* Assets.xcassets in Resources */ = {isa = PBXBuildFile; fileRef = 14726BC62B23FAEC009084DC /* Assets.xcassets */; };
		14726BCA2B23FAEC009084DC /* Preview Assets.xcassets in Resources */ = {isa = PBXBuildFile; fileRef = 14726BC92B23FAEC009084DC /* Preview Assets.xcassets */; };
		14726BD62B240749009084DC /* gtr.usdz in Resources */ = {isa = PBXBuildFile; fileRef = 14726BD32B240749009084DC /* gtr.usdz */; };
		14726BD82B240773009084DC /* MyModelView.swift in Sources */ = {isa = PBXBuildFile; fileRef = 14726BD72B240773009084DC /* MyModelView.swift */; };
		AF138D762B9BC029006679B1 /* ButtonsView.swift in Sources */ = {isa = PBXBuildFile; fileRef = AF138D752B9BC029006679B1 /* ButtonsView.swift */; };
		AF2E71F22D2C76590003F27E /* lightsabersample.mp4 in Resources */ = {isa = PBXBuildFile; fileRef = AF2E71F12D2C76590003F27E /* lightsabersample.mp4 */; };
		AF434AC82B61EC52008B346A /* ModelEntity + Helper.swift in Sources */ = {isa = PBXBuildFile; fileRef = AF434AC72B61EC52008B346A /* ModelEntity + Helper.swift */; };
		AF551B882D2B49CD00719034 /* Backrooms in Frameworks */ = {isa = PBXBuildFile; productRef = AF551B872D2B49CD00719034 /* Backrooms */; };
		AF551B8A2D2B4A0000719034 /* ImmersiveEnvManager.swift in Sources */ = {isa = PBXBuildFile; fileRef = AF551B892D2B4A0000719034 /* ImmersiveEnvManager.swift */; };
		AF551B8C2D2B4B0400719034 /* BackroomsImmersiveSpace.swift in Sources */ = {isa = PBXBuildFile; fileRef = AF551B8B2D2B4B0400719034 /* BackroomsImmersiveSpace.swift */; };
		AF8FB3C62B5F22D200A38DCB /* RemoteAssetRealityView.swift in Sources */ = {isa = PBXBuildFile; fileRef = AF8FB3C52B5F22D200A38DCB /* RemoteAssetRealityView.swift */; };
/* End PBXBuildFile section */

/* Begin PBXFileReference section */
		144D5D7F2B291B4A009F2B3A /* gramophone.usdz */ = {isa = PBXFileReference; lastKnownFileType = file.usdz; path = gramophone.usdz; sourceTree = "<group>"; };
		144D5D802B291B4B009F2B3A /* chair_swan.usdz */ = {isa = PBXFileReference; lastKnownFileType = file.usdz; path = chair_swan.usdz; sourceTree = "<group>"; };
		144D5D812B291B4B009F2B3A /* wateringcan.usdz */ = {isa = PBXFileReference; lastKnownFileType = file.usdz; path = wateringcan.usdz; sourceTree = "<group>"; };
		144D5D872B291FC1009F2B3A /* LocalAssetRealityView.swift */ = {isa = PBXFileReference; lastKnownFileType = sourcecode.swift; path = LocalAssetRealityView.swift; sourceTree = "<group>"; };
		14726BB92B23FAEA009084DC /* VisionOSTutorial.app */ = {isa = PBXFileReference; explicitFileType = wrapper.application; includeInIndex = 0; path = VisionOSTutorial.app; sourceTree = BUILT_PRODUCTS_DIR; };
		14726BBD2B23FAEA009084DC /* RealityKitContent */ = {isa = PBXFileReference; lastKnownFileType = wrapper; path = RealityKitContent; sourceTree = "<group>"; };
		14726BC02B23FAEA009084DC /* VisionOSTutorialApp.swift */ = {isa = PBXFileReference; lastKnownFileType = sourcecode.swift; path = VisionOSTutorialApp.swift; sourceTree = "<group>"; };
		14726BC22B23FAEA009084DC /* ContentView.swift */ = {isa = PBXFileReference; lastKnownFileType = sourcecode.swift; path = ContentView.swift; sourceTree = "<group>"; };
		14726BC42B23FAEA009084DC /* ImmersiveView.swift */ = {isa = PBXFileReference; lastKnownFileType = sourcecode.swift; path = ImmersiveView.swift; sourceTree = "<group>"; };
		14726BC62B23FAEC009084DC /* Assets.xcassets */ = {isa = PBXFileReference; lastKnownFileType = folder.assetcatalog; path = Assets.xcassets; sourceTree = "<group>"; };
		14726BC92B23FAEC009084DC /* Preview Assets.xcassets */ = {isa = PBXFileReference; lastKnownFileType = folder.assetcatalog; path = "Preview Assets.xcassets"; sourceTree = "<group>"; };
		14726BCB2B23FAEC009084DC /* Info.plist */ = {isa = PBXFileReference; lastKnownFileType = text.plist.xml; path = Info.plist; sourceTree = "<group>"; };
		14726BD32B240749009084DC /* gtr.usdz */ = {isa = PBXFileReference; lastKnownFileType = file.usdz; path = gtr.usdz; sourceTree = "<group>"; };
		14726BD72B240773009084DC /* MyModelView.swift */ = {isa = PBXFileReference; lastKnownFileType = sourcecode.swift; path = MyModelView.swift; sourceTree = "<group>"; };
		AF138D752B9BC029006679B1 /* ButtonsView.swift */ = {isa = PBXFileReference; lastKnownFileType = sourcecode.swift; path = ButtonsView.swift; sourceTree = "<group>"; };
		AF2E71F12D2C76590003F27E /* lightsabersample.mp4 */ = {isa = PBXFileReference; lastKnownFileType = file; path = lightsabersample.mp4; sourceTree = "<group>"; };
		AF434AC72B61EC52008B346A /* ModelEntity + Helper.swift */ = {isa = PBXFileReference; lastKnownFileType = sourcecode.swift; path = "ModelEntity + Helper.swift"; sourceTree = "<group>"; };
		AF551B892D2B4A0000719034 /* ImmersiveEnvManager.swift */ = {isa = PBXFileReference; lastKnownFileType = sourcecode.swift; path = ImmersiveEnvManager.swift; sourceTree = "<group>"; };
		AF551B8B2D2B4B0400719034 /* BackroomsImmersiveSpace.swift */ = {isa = PBXFileReference; lastKnownFileType = sourcecode.swift; path = BackroomsImmersiveSpace.swift; sourceTree = "<group>"; };
		AF8FB3C52B5F22D200A38DCB /* RemoteAssetRealityView.swift */ = {isa = PBXFileReference; lastKnownFileType = sourcecode.swift; path = RemoteAssetRealityView.swift; sourceTree = "<group>"; };
/* End PBXFileReference section */

/* Begin PBXFrameworksBuildPhase section */
		14726BB62B23FAEA009084DC /* Frameworks */ = {
			isa = PBXFrameworksBuildPhase;
			buildActionMask = 2147483647;
			files = (
				AF551B882D2B49CD00719034 /* Backrooms in Frameworks */,
			);
			runOnlyForDeploymentPostprocessing = 0;
		};
/* End PBXFrameworksBuildPhase section */

/* Begin PBXGroup section */
		14726BB02B23FAEA009084DC = {
			isa = PBXGroup;
			children = (
				14726BBB2B23FAEA009084DC /* VisionOSTutorial */,
				14726BBC2B23FAEA009084DC /* Packages */,
				14726BBA2B23FAEA009084DC /* Products */,
			);
			sourceTree = "<group>";
		};
		14726BBA2B23FAEA009084DC /* Products */ = {
			isa = PBXGroup;
			children = (
				14726BB92B23FAEA009084DC /* VisionOSTutorial.app */,
			);
			name = Products;
			sourceTree = "<group>";
		};
		14726BBB2B23FAEA009084DC /* VisionOSTutorial */ = {
			isa = PBXGroup;
			children = (
				AF2E71F12D2C76590003F27E /* lightsabersample.mp4 */,
				14726BC02B23FAEA009084DC /* VisionOSTutorialApp.swift */,
				144D5D872B291FC1009F2B3A /* LocalAssetRealityView.swift */,
				AF8FB3C52B5F22D200A38DCB /* RemoteAssetRealityView.swift */,
				AF434AC72B61EC52008B346A /* ModelEntity + Helper.swift */,
				144D5D802B291B4B009F2B3A /* chair_swan.usdz */,
				144D5D7F2B291B4A009F2B3A /* gramophone.usdz */,
				144D5D812B291B4B009F2B3A /* wateringcan.usdz */,
				14726BD32B240749009084DC /* gtr.usdz */,
				14726BC22B23FAEA009084DC /* ContentView.swift */,
				14726BC42B23FAEA009084DC /* ImmersiveView.swift */,
				14726BC62B23FAEC009084DC /* Assets.xcassets */,
				14726BCB2B23FAEC009084DC /* Info.plist */,
				14726BC82B23FAEC009084DC /* Preview Content */,
				14726BD72B240773009084DC /* MyModelView.swift */,
				AF138D752B9BC029006679B1 /* ButtonsView.swift */,
				AF551B8B2D2B4B0400719034 /* BackroomsImmersiveSpace.swift */,
				AF551B892D2B4A0000719034 /* ImmersiveEnvManager.swift */,
			);
			path = VisionOSTutorial;
			sourceTree = "<group>";
		};
		14726BBC2B23FAEA009084DC /* Packages */ = {
			isa = PBXGroup;
			children = (
				14726BBD2B23FAEA009084DC /* RealityKitContent */,
			);
			path = Packages;
			sourceTree = "<group>";
		};
		14726BC82B23FAEC009084DC /* Preview Content */ = {
			isa = PBXGroup;
			children = (
				14726BC92B23FAEC009084DC /* Preview Assets.xcassets */,
			);
			path = "Preview Content";
			sourceTree = "<group>";
		};
/* End PBXGroup section */

/* Begin PBXNativeTarget section */
		14726BB82B23FAEA009084DC /* VisionOSTutorial */ = {
			isa = PBXNativeTarget;
			buildConfigurationList = 14726BCE2B23FAEC009084DC /* Build configuration list for PBXNativeTarget "VisionOSTutorial" */;
			buildPhases = (
				14726BB52B23FAEA009084DC /* Sources */,
				14726BB62B23FAEA009084DC /* Frameworks */,
				14726BB72B23FAEA009084DC /* Resources */,
			);
			buildRules = (
			);
			dependencies = (
			);
			name = VisionOSTutorial;
			packageProductDependencies = (
				AF551B872D2B49CD00719034 /* Backrooms */,
			);
			productName = VisionOSTutorial;
			productReference = 14726BB92B23FAEA009084DC /* VisionOSTutorial.app */;
			productType = "com.apple.product-type.application";
		};
/* End PBXNativeTarget section */

/* Begin PBXProject section */
		14726BB12B23FAEA009084DC /* Project object */ = {
			isa = PBXProject;
			attributes = {
				BuildIndependentTargetsInParallel = 1;
				LastSwiftUpdateCheck = 1510;
				LastUpgradeCheck = 1510;
				TargetAttributes = {
					14726BB82B23FAEA009084DC = {
						CreatedOnToolsVersion = 15.1;
					};
				};
			};
			buildConfigurationList = 14726BB42B23FAEA009084DC /* Build configuration list for PBXProject "VisionOSTutorial" */;
			compatibilityVersion = "Xcode 14.0";
			developmentRegion = en;
			hasScannedForEncodings = 0;
			knownRegions = (
				en,
				Base,
			);
			mainGroup = 14726BB02B23FAEA009084DC;
			packageReferences = (
				AF551B862D2B49CD00719034 /* XCLocalSwiftPackageReference "Packages/Backrooms" */,
			);
			productRefGroup = 14726BBA2B23FAEA009084DC /* Products */;
			projectDirPath = "";
			projectRoot = "";
			targets = (
				14726BB82B23FAEA009084DC /* VisionOSTutorial */,
			);
		};
/* End PBXProject section */

/* Begin PBXResourcesBuildPhase section */
		14726BB72B23FAEA009084DC /* Resources */ = {
			isa = PBXResourcesBuildPhase;
			buildActionMask = 2147483647;
			files = (
				14726BCA2B23FAEC009084DC /* Preview Assets.xcassets in Resources */,
				14726BC72B23FAEC009084DC /* Assets.xcassets in Resources */,
				14726BD62B240749009084DC /* gtr.usdz in Resources */,
				144D5D842B291B4B009F2B3A /* wateringcan.usdz in Resources */,
				144D5D832B291B4B009F2B3A /* chair_swan.usdz in Resources */,
				144D5D822B291B4B009F2B3A /* gramophone.usdz in Resources */,
				AF2E71F22D2C76590003F27E /* lightsabersample.mp4 in Resources */,
			);
			runOnlyForDeploymentPostprocessing = 0;
		};
/* End PBXResourcesBuildPhase section */

/* Begin PBXSourcesBuildPhase section */
		14726BB52B23FAEA009084DC /* Sources */ = {
			isa = PBXSourcesBuildPhase;
			buildActionMask = 2147483647;
			files = (
				AF551B8C2D2B4B0400719034 /* BackroomsImmersiveSpace.swift in Sources */,
				AF434AC82B61EC52008B346A /* ModelEntity + Helper.swift in Sources */,
				AF551B8A2D2B4A0000719034 /* ImmersiveEnvManager.swift in Sources */,
				14726BC32B23FAEA009084DC /* ContentView.swift in Sources */,
				14726BC12B23FAEA009084DC /* VisionOSTutorialApp.swift in Sources */,
				14726BD82B240773009084DC /* MyModelView.swift in Sources */,
				144D5D882B291FC1009F2B3A /* LocalAssetRealityView.swift in Sources */,
				AF8FB3C62B5F22D200A38DCB /* RemoteAssetRealityView.swift in Sources */,
				AF138D762B9BC029006679B1 /* ButtonsView.swift in Sources */,
				14726BC52B23FAEA009084DC /* ImmersiveView.swift in Sources */,
			);
			runOnlyForDeploymentPostprocessing = 0;
		};
/* End PBXSourcesBuildPhase section */

/* Begin XCBuildConfiguration section */
		14726BCC2B23FAEC009084DC /* Debug */ = {
			isa = XCBuildConfiguration;
			buildSettings = {
				ALWAYS_SEARCH_USER_PATHS = NO;
				ASSETCATALOG_COMPILER_GENERATE_SWIFT_ASSET_SYMBOL_EXTENSIONS = YES;
				CLANG_ANALYZER_NONNULL = YES;
				CLANG_ANALYZER_NUMBER_OBJECT_CONVERSION = YES_AGGRESSIVE;
				CLANG_CXX_LANGUAGE_STANDARD = "gnu++20";
				CLANG_ENABLE_MODULES = YES;
				CLANG_ENABLE_OBJC_ARC = YES;
				CLANG_ENABLE_OBJC_WEAK = YES;
				CLANG_WARN_BLOCK_CAPTURE_AUTORELEASING = YES;
				CLANG_WARN_BOOL_CONVERSION = YES;
				CLANG_WARN_COMMA = YES;
				CLANG_WARN_CONSTANT_CONVERSION = YES;
				CLANG_WARN_DEPRECATED_OBJC_IMPLEMENTATIONS = YES;
				CLANG_WARN_DIRECT_OBJC_ISA_USAGE = YES_ERROR;
				CLANG_WARN_DOCUMENTATION_COMMENTS = YES;
				CLANG_WARN_EMPTY_BODY = YES;
				CLANG_WARN_ENUM_CONVERSION = YES;
				CLANG_WARN_INFINITE_RECURSION = YES;
				CLANG_WARN_INT_CONVERSION = YES;
				CLANG_WARN_NON_LITERAL_NULL_CONVERSION = YES;
				CLANG_WARN_OBJC_IMPLICIT_RETAIN_SELF = YES;
				CLANG_WARN_OBJC_LITERAL_CONVERSION = YES;
				CLANG_WARN_OBJC_ROOT_CLASS = YES_ERROR;
				CLANG_WARN_QUOTED_INCLUDE_IN_FRAMEWORK_HEADER = YES;
				CLANG_WARN_RANGE_LOOP_ANALYSIS = YES;
				CLANG_WARN_STRICT_PROTOTYPES = YES;
				CLANG_WARN_SUSPICIOUS_MOVE = YES;
				CLANG_WARN_UNGUARDED_AVAILABILITY = YES_AGGRESSIVE;
				CLANG_WARN_UNREACHABLE_CODE = YES;
				CLANG_WARN__DUPLICATE_METHOD_MATCH = YES;
				COPY_PHASE_STRIP = NO;
				DEBUG_INFORMATION_FORMAT = dwarf;
				ENABLE_STRICT_OBJC_MSGSEND = YES;
				ENABLE_TESTABILITY = YES;
				ENABLE_USER_SCRIPT_SANDBOXING = YES;
				GCC_C_LANGUAGE_STANDARD = gnu17;
				GCC_DYNAMIC_NO_PIC = NO;
				GCC_NO_COMMON_BLOCKS = YES;
				GCC_OPTIMIZATION_LEVEL = 0;
				GCC_PREPROCESSOR_DEFINITIONS = (
					"DEBUG=1",
					"$(inherited)",
				);
				GCC_WARN_64_TO_32_BIT_CONVERSION = YES;
				GCC_WARN_ABOUT_RETURN_TYPE = YES_ERROR;
				GCC_WARN_UNDECLARED_SELECTOR = YES;
				GCC_WARN_UNINITIALIZED_AUTOS = YES_AGGRESSIVE;
				GCC_WARN_UNUSED_FUNCTION = YES;
				GCC_WARN_UNUSED_VARIABLE = YES;
				LOCALIZATION_PREFERS_STRING_CATALOGS = YES;
				MTL_ENABLE_DEBUG_INFO = INCLUDE_SOURCE;
				MTL_FAST_MATH = YES;
				ONLY_ACTIVE_ARCH = YES;
				SDKROOT = xros;
				SWIFT_ACTIVE_COMPILATION_CONDITIONS = "DEBUG $(inherited)";
				SWIFT_OPTIMIZATION_LEVEL = "-Onone";
				XROS_DEPLOYMENT_TARGET = 1.0;
			};
			name = Debug;
		};
		14726BCD2B23FAEC009084DC /* Release */ = {
			isa = XCBuildConfiguration;
			buildSettings = {
				ALWAYS_SEARCH_USER_PATHS = NO;
				ASSETCATALOG_COMPILER_GENERATE_SWIFT_ASSET_SYMBOL_EXTENSIONS = YES;
				CLANG_ANALYZER_NONNULL = YES;
				CLANG_ANALYZER_NUMBER_OBJECT_CONVERSION = YES_AGGRESSIVE;
				CLANG_CXX_LANGUAGE_STANDARD = "gnu++20";
				CLANG_ENABLE_MODULES = YES;
				CLANG_ENABLE_OBJC_ARC = YES;
				CLANG_ENABLE_OBJC_WEAK = YES;
				CLANG_WARN_BLOCK_CAPTURE_AUTORELEASING = YES;
				CLANG_WARN_BOOL_CONVERSION = YES;
				CLANG_WARN_COMMA = YES;
				CLANG_WARN_CONSTANT_CONVERSION = YES;
				CLANG_WARN_DEPRECATED_OBJC_IMPLEMENTATIONS = YES;
				CLANG_WARN_DIRECT_OBJC_ISA_USAGE = YES_ERROR;
				CLANG_WARN_DOCUMENTATION_COMMENTS = YES;
				CLANG_WARN_EMPTY_BODY = YES;
				CLANG_WARN_ENUM_CONVERSION = YES;
				CLANG_WARN_INFINITE_RECURSION = YES;
				CLANG_WARN_INT_CONVERSION = YES;
				CLANG_WARN_NON_LITERAL_NULL_CONVERSION = YES;
				CLANG_WARN_OBJC_IMPLICIT_RETAIN_SELF = YES;
				CLANG_WARN_OBJC_LITERAL_CONVERSION = YES;
				CLANG_WARN_OBJC_ROOT_CLASS = YES_ERROR;
				CLANG_WARN_QUOTED_INCLUDE_IN_FRAMEWORK_HEADER = YES;
				CLANG_WARN_RANGE_LOOP_ANALYSIS = YES;
				CLANG_WARN_STRICT_PROTOTYPES = YES;
				CLANG_WARN_SUSPICIOUS_MOVE = YES;
				CLANG_WARN_UNGUARDED_AVAILABILITY = YES_AGGRESSIVE;
				CLANG_WARN_UNREACHABLE_CODE = YES;
				CLANG_WARN__DUPLICATE_METHOD_MATCH = YES;
				COPY_PHASE_STRIP = NO;
				DEBUG_INFORMATION_FORMAT = "dwarf-with-dsym";
				ENABLE_NS_ASSERTIONS = NO;
				ENABLE_STRICT_OBJC_MSGSEND = YES;
				ENABLE_USER_SCRIPT_SANDBOXING = YES;
				GCC_C_LANGUAGE_STANDARD = gnu17;
				GCC_NO_COMMON_BLOCKS = YES;
				GCC_WARN_64_TO_32_BIT_CONVERSION = YES;
				GCC_WARN_ABOUT_RETURN_TYPE = YES_ERROR;
				GCC_WARN_UNDECLARED_SELECTOR = YES;
				GCC_WARN_UNINITIALIZED_AUTOS = YES_AGGRESSIVE;
				GCC_WARN_UNUSED_FUNCTION = YES;
				GCC_WARN_UNUSED_VARIABLE = YES;
				LOCALIZATION_PREFERS_STRING_CATALOGS = YES;
				MTL_ENABLE_DEBUG_INFO = NO;
				MTL_FAST_MATH = YES;
				SDKROOT = xros;
				SWIFT_COMPILATION_MODE = wholemodule;
				VALIDATE_PRODUCT = YES;
				XROS_DEPLOYMENT_TARGET = 1.0;
			};
			name = Release;
		};
		14726BCF2B23FAEC009084DC /* Debug */ = {
			isa = XCBuildConfiguration;
			buildSettings = {
				ASSETCATALOG_COMPILER_APPICON_NAME = AppIcon;
				ASSETCATALOG_COMPILER_GLOBAL_ACCENT_COLOR_NAME = AccentColor;
				CODE_SIGN_STYLE = Automatic;
				CURRENT_PROJECT_VERSION = 1;
				DEVELOPMENT_ASSET_PATHS = "\"VisionOSTutorial/Preview Content\"";
				DEVELOPMENT_TEAM = 7LY5WDD8ES;
				ENABLE_PREVIEWS = YES;
				GENERATE_INFOPLIST_FILE = YES;
				INFOPLIST_FILE = "$(TARGET_NAME)/Info.plist";
				LD_RUNPATH_SEARCH_PATHS = (
					"$(inherited)",
					"@executable_path/Frameworks",
				);
				MARKETING_VERSION = 1.0;
				PRODUCT_BUNDLE_IDENTIFIER = "overPaidEngineer.VisionOS-Tutorial";
				PRODUCT_NAME = "$(TARGET_NAME)";
				SUPPORTED_PLATFORMS = "xros xrsimulator";
				SWIFT_EMIT_LOC_STRINGS = YES;
				SWIFT_VERSION = 5.0;
				TARGETED_DEVICE_FAMILY = "1,2,7";
				XROS_DEPLOYMENT_TARGET = 2.0;
			};
			name = Debug;
		};
		14726BD02B23FAEC009084DC /* Release */ = {
			isa = XCBuildConfiguration;
			buildSettings = {
				ASSETCATALOG_COMPILER_APPICON_NAME = AppIcon;
				ASSETCATALOG_COMPILER_GLOBAL_ACCENT_COLOR_NAME = AccentColor;
				CODE_SIGN_STYLE = Automatic;
				CURRENT_PROJECT_VERSION = 1;
				DEVELOPMENT_ASSET_PATHS = "\"VisionOSTutorial/Preview Content\"";
				DEVELOPMENT_TEAM = 7LY5WDD8ES;
				ENABLE_PREVIEWS = YES;
				GENERATE_INFOPLIST_FILE = YES;
				INFOPLIST_FILE = "$(TARGET_NAME)/Info.plist";
				LD_RUNPATH_SEARCH_PATHS = (
					"$(inherited)",
					"@executable_path/Frameworks",
				);
				MARKETING_VERSION = 1.0;
				PRODUCT_BUNDLE_IDENTIFIER = "overPaidEngineer.VisionOS-Tutorial";
				PRODUCT_NAME = "$(TARGET_NAME)";
				SUPPORTED_PLATFORMS = "xros xrsimulator";
				SWIFT_EMIT_LOC_STRINGS = YES;
				SWIFT_VERSION = 5.0;
				TARGETED_DEVICE_FAMILY = "1,2,7";
				XROS_DEPLOYMENT_TARGET = 2.0;
			};
			name = Release;
		};
/* End XCBuildConfiguration section */

/* Begin XCConfigurationList section */
		14726BB42B23FAEA009084DC /* Build configuration list for PBXProject "VisionOSTutorial" */ = {
			isa = XCConfigurationList;
			buildConfigurations = (
				14726BCC2B23FAEC009084DC /* Debug */,
				14726BCD2B23FAEC009084DC /* Release */,
			);
			defaultConfigurationIsVisible = 0;
			defaultConfigurationName = Release;
		};
		14726BCE2B23FAEC009084DC /* Build configuration list for PBXNativeTarget "VisionOSTutorial" */ = {
			isa = XCConfigurationList;
			buildConfigurations = (
				14726BCF2B23FAEC009084DC /* Debug */,
				14726BD02B23FAEC009084DC /* Release */,
			);
			defaultConfigurationIsVisible = 0;
			defaultConfigurationName = Release;
		};
/* End XCConfigurationList section */

/* Begin XCLocalSwiftPackageReference section */
		AF551B862D2B49CD00719034 /* XCLocalSwiftPackageReference "Packages/Backrooms" */ = {
			isa = XCLocalSwiftPackageReference;
			relativePath = Packages/Backrooms;
		};
/* End XCLocalSwiftPackageReference section */

/* Begin XCSwiftPackageProductDependency section */
		AF551B872D2B49CD00719034 /* Backrooms */ = {
			isa = XCSwiftPackageProductDependency;
			productName = Backrooms;
		};
/* End XCSwiftPackageProductDependency section */
	};
	rootObject = 14726BB12B23FAEA009084DC /* Project object */;
}
